// !$*UTF8*$!
{
	archiveVersion = 1;
	classes = {
	};
	objectVersion = 110;
	objects = {

/* Begin PBXBuildFile section */
		7A00000000000000000000C1 /* TranslationCore in Frameworks */ = {isa = PBXBuildFile; productRef = 7A00000000000000000000B1 /* TranslationCore */; };
		7A00000000000000000000C2 /* TranslationProviders in Frameworks */ = {isa = PBXBuildFile; productRef = 7A00000000000000000000B2 /* TranslationProviders */; };
		7A00000000000000000000C3 /* ImagePipeline in Frameworks */ = {isa = PBXBuildFile; productRef = 7A00000000000000000000B3 /* ImagePipeline */; };
/* End PBXBuildFile section */

/* Begin PBXContainerItemProxy section */
		0171BEFC307640B0004245DA /* PBXContainerItemProxy */ = {
			isa = PBXContainerItemProxy;
			containerPortal = 0171BEE6307640AE004245DA /* Project object */;
			proxyType = 1;
			remoteGlobalIDString = 0171BEED307640AE004245DA;
			remoteInfo = Translate;
		};
		0171BF06307640B0004245DA /* PBXContainerItemProxy */ = {
			isa = PBXContainerItemProxy;
			containerPortal = 0171BEE6307640AE004245DA /* Project object */;
			proxyType = 1;
			remoteGlobalIDString = 0171BEED307640AE004245DA;
			remoteInfo = Translate;
		};
/* End PBXContainerItemProxy section */

/* Begin PBXFileReference section */
		0171BEEE307640AE004245DA /* Translate.app */ = {isa = PBXFileReference; explicitFileType = wrapper.application; includeInIndex = 0; path = Translate.app; sourceTree = BUILT_PRODUCTS_DIR; };
		0171BEFB307640B0004245DA /* TranslateTests.xctest */ = {isa = PBXFileReference; explicitFileType = wrapper.cfbundle; includeInIndex = 0; path = TranslateTests.xctest; sourceTree = BUILT_PRODUCTS_DIR; };
		0171BF05307640B0004245DA /* TranslateUITests.xctest */ = {isa = PBXFileReference; explicitFileType = wrapper.cfbundle; includeInIndex = 0; path = TranslateUITests.xctest; sourceTree = BUILT_PRODUCTS_DIR; };
/* End PBXFileReference section */

/* Begin PBXFileSystemSynchronizedRootGroup section */
		0171BEF0307640AE004245DA /* Translate */ = {
			isa = PBXFileSystemSynchronizedRootGroup;
			path = Translate;
			sourceTree = "<group>";
		};
		0171BEFE307640B0004245DA /* TranslateTests */ = {
			isa = PBXFileSystemSynchronizedRootGroup;
			path = TranslateTests;
			sourceTree = "<group>";
		};
		0171BF08307640B0004245DA /* TranslateUITests */ = {
			isa = PBXFileSystemSynchronizedRootGroup;
			path = TranslateUITests;
			sourceTree = "<group>";
		};
/* End PBXFileSystemSynchronizedRootGroup section */

/* Begin PBXFrameworksBuildPhase section */
		0171BEEB307640AE004245DA /* Frameworks */ = {
			isa = PBXFrameworksBuildPhase;
			files = (
				7A00000000000000000000C1 /* TranslationCore in Frameworks */,
				7A00000000000000000000C2 /* TranslationProviders in Frameworks */,
				7A00000000000000000000C3 /* ImagePipeline in Frameworks */,
			);
		};
		0171BEF8307640B0004245DA /* Frameworks */ = {
			isa = PBXFrameworksBuildPhase;
			files = (
			);
		};
		0171BF02307640B0004245DA /* Frameworks */ = {
			isa = PBXFrameworksBuildPhase;
			files = (
			);
		};
/* End PBXFrameworksBuildPhase section */

/* Begin PBXGroup section */
		0171BEE5307640AE004245DA = {
			isa = PBXGroup;
			children = (
				0171BEF0307640AE004245DA /* Translate */,
				0171BEFE307640B0004245DA /* TranslateTests */,
				0171BF08307640B0004245DA /* TranslateUITests */,
				0171BEEF307640AE004245DA /* Products */,
			);
			sourceTree = "<group>";
		};
		0171BEEF307640AE004245DA /* Products */ = {
			isa = PBXGroup;
			children = (
				0171BEEE307640AE004245DA /* Translate.app */,
				0171BEFB307640B0004245DA /* TranslateTests.xctest */,
				0171BF05307640B0004245DA /* TranslateUITests.xctest */,
			);
			name = Products;
			sourceTree = "<group>";
		};
/* End PBXGroup section */

/* Begin PBXNativeTarget section */
		0171BEED307640AE004245DA /* Translate */ = {
			isa = PBXNativeTarget;
			buildConfigurationList = 0171BF0D307640B0004245DA /* Build configuration list for PBXNativeTarget "Translate" */;
			buildPhases = (
				0171BEEA307640AE004245DA /* Sources */,
				0171BEEB307640AE004245DA /* Frameworks */,
				0171BEEC307640AE004245DA /* Resources */,
			);
			buildRules = (
			);
			fileSystemSynchronizedGroups = (
				0171BEF0307640AE004245DA /* Translate */,
			);
			name = Translate;
			packageProductDependencies = (
				7A00000000000000000000B1 /* TranslationCore */,
				7A00000000000000000000B2 /* TranslationProviders */,
				7A00000000000000000000B3 /* ImagePipeline */,
			);
			productName = Translate;
			productReference = 0171BEEE307640AE004245DA /* Translate.app */;
			productType = "com.apple.product-type.application";
		};
		0171BEFA307640B0004245DA /* TranslateTests */ = {
			isa = PBXNativeTarget;
			buildConfigurationList = 0171BF10307640B0004245DA /* Build configuration list for PBXNativeTarget "TranslateTests" */;
			buildPhases = (
				0171BEF7307640B0004245DA /* Sources */,
				0171BEF8307640B0004245DA /* Frameworks */,
				0171BEF9307640B0004245DA /* Resources */,
			);
			buildRules = (
			);
			dependencies = (
				0171BEFD307640B0004245DA /* PBXTargetDependency */,
			);
			fileSystemSynchronizedGroups = (
				0171BEFE307640B0004245DA /* TranslateTests */,
			);
			name = TranslateTests;
			productName = TranslateTests;
			productReference = 0171BEFB307640B0004245DA /* TranslateTests.xctest */;
			productType = "com.apple.product-type.bundle.unit-test";
		};
		0171BF04307640B0004245DA /* TranslateUITests */ = {
			isa = PBXNativeTarget;
			buildConfigurationList = 0171BF13307640B0004245DA /* Build configuration list for PBXNativeTarget "TranslateUITests" */;
			buildPhases = (
				0171BF01307640B0004245DA /* Sources */,
				0171BF02307640B0004245DA /* Frameworks */,
				0171BF03307640B0004245DA /* Resources */,
			);
			buildRules = (
			);
			dependencies = (
				0171BF07307640B0004245DA /* PBXTargetDependency */,
			);
			fileSystemSynchronizedGroups = (
				0171BF08307640B0004245DA /* TranslateUITests */,
			);
			name = TranslateUITests;
			productName = TranslateUITests;
			productReference = 0171BF05307640B0004245DA /* TranslateUITests.xctest */;
			productType = "com.apple.product-type.bundle.ui-testing";
		};
/* End PBXNativeTarget section */

/* Begin PBXProject section */
		0171BEE6307640AE004245DA /* Project object */ = {
			isa = PBXProject;
			attributes = {
				BuildIndependentTargetsInParallel = 1;
				LastSwiftUpdateCheck = 2700;
				LastUpgradeCheck = 2700;
				TargetAttributes = {
					0171BEED307640AE004245DA = {
						CreatedOnToolsVersion = 27.0;
					};
					0171BEFA307640B0004245DA = {
						CreatedOnToolsVersion = 27.0;
						TestTargetID = 0171BEED307640AE004245DA;
					};
					0171BF04307640B0004245DA = {
						CreatedOnToolsVersion = 27.0;
						TestTargetID = 0171BEED307640AE004245DA;
					};
				};
			};
			buildConfigurationList = 0171BEE9307640AE004245DA /* Build configuration list for PBXProject "Translate" */;
			developmentRegion = en;
			hasScannedForEncodings = 0;
			knownRegions = (
				en,
				Base,
			);
			mainGroup = 0171BEE5307640AE004245DA;
			minimizedProjectReferenceProxies = 1;
			packageReferences = (
				7A00000000000000000000A1 /* XCLocalSwiftPackageReference "Packages/TranslationKit" */,
			);
			preferredProjectObjectVersion = 77;
			productRefGroup = 0171BEEF307640AE004245DA /* Products */;
			projectDirPath = "";
			projectRoot = "";
			targets = (
				0171BEED307640AE004245DA /* Translate */,
				0171BEFA307640B0004245DA /* TranslateTests */,
				0171BF04307640B0004245DA /* TranslateUITests */,
			);
		};
/* End PBXProject section */

/* Begin PBXResourcesBuildPhase section */
		0171BEEC307640AE004245DA /* Resources */ = {
			isa = PBXResourcesBuildPhase;
			files = (
			);
		};
		0171BEF9307640B0004245DA /* Resources */ = {
			isa = PBXResourcesBuildPhase;
			files = (
			);
		};
		0171BF03307640B0004245DA /* Resources */ = {
			isa = PBXResourcesBuildPhase;
			files = (
			);
		};
/* End PBXResourcesBuildPhase section */

/* Begin PBXSourcesBuildPhase section */
		0171BEEA307640AE004245DA /* Sources */ = {
			isa = PBXSourcesBuildPhase;
			files = (
			);
		};
		0171BEF7307640B0004245DA /* Sources */ = {
			isa = PBXSourcesBuildPhase;
			files = (
			);
		};
		0171BF01307640B0004245DA /* Sources */ = {
			isa = PBXSourcesBuildPhase;
			files = (
			);
		};
/* End PBXSourcesBuildPhase section */

/* Begin PBXTargetDependency section */
		0171BEFD307640B0004245DA /* PBXTargetDependency */ = {
			isa = PBXTargetDependency;
			target = 0171BEED307640AE004245DA /* Translate */;
			targetProxy = 0171BEFC307640B0004245DA /* PBXContainerItemProxy */;
		};
		0171BF07307640B0004245DA /* PBXTargetDependency */ = {
			isa = PBXTargetDependency;
			target = 0171BEED307640AE004245DA /* Translate */;
			targetProxy = 0171BF06307640B0004245DA /* PBXContainerItemProxy */;
		};
/* End PBXTargetDependency section */

/* Begin XCBuildConfiguration section */
		0171BF0B307640B0004245DA /* Debug configuration for PBXProject "Translate" */ = {
			isa = XCBuildConfiguration;
			buildSettings = {
				ALWAYS_SEARCH_USER_PATHS = NO;
				ASSETCATALOG_COMPILER_GENERATE_SWIFT_ASSET_SYMBOL_EXTENSIONS = YES;
				CLANG_ANALYZER_NONNULL = YES;
				CLANG_ANALYZER_NUMBER_OBJECT_CONVERSION = YES_AGGRESSIVE;
				CLANG_CXX_LANGUAGE_STANDARD = "gnu++20";
				CLANG_ENABLE_MODULES = YES;
				CLANG_ENABLE_OBJC_ARC = YES;
				CLANG_ENABLE_OBJC_WEAK = YES;
				CLANG_WARN_BLOCK_CAPTURE_AUTORELEASING = YES;
				CLANG_WARN_BOOL_CONVERSION = YES;
				CLANG_WARN_COMMA = YES;
				CLANG_WARN_CONSTANT_CONVERSION = YES;
				CLANG_WARN_DEPRECATED_OBJC_IMPLEMENTATIONS = YES;
				CLANG_WARN_DIRECT_OBJC_ISA_USAGE = YES_ERROR;
				CLANG_WARN_DOCUMENTATION_COMMENTS = YES;
				CLANG_WARN_EMPTY_BODY = YES;
				CLANG_WARN_ENUM_CONVERSION = YES;
				CLANG_WARN_INFINITE_RECURSION = YES;
				CLANG_WARN_INT_CONVERSION = YES;
				CLANG_WARN_NON_LITERAL_NULL_CONVERSION = YES;
				CLANG_WARN_OBJC_IMPLICIT_RETAIN_SELF = YES;
				CLANG_WARN_OBJC_LITERAL_CONVERSION = YES;
				CLANG_WARN_OBJC_ROOT_CLASS = YES_ERROR;
				CLANG_WARN_QUOTED_INCLUDE_IN_FRAMEWORK_HEADER = YES;
				CLANG_WARN_RANGE_LOOP_ANALYSIS = YES;
				CLANG_WARN_STRICT_PROTOTYPES = YES;
				CLANG_WARN_SUSPICIOUS_MOVE = YES;
				CLANG_WARN_UNGUARDED_AVAILABILITY = YES_AGGRESSIVE;
				CLANG_WARN_UNREACHABLE_CODE = YES;
				CLANG_WARN__DUPLICATE_METHOD_MATCH = YES;
				COPY_PHASE_STRIP = NO;
				DEBUG_INFORMATION_FORMAT = dwarf;
				DEVELOPMENT_TEAM = C2RH9KA3U2;
				ENABLE_STRICT_OBJC_MSGSEND = YES;
				ENABLE_TESTABILITY = YES;
				ENABLE_USER_SCRIPT_SANDBOXING = YES;
				GCC_C_LANGUAGE_STANDARD = gnu17;
				GCC_DYNAMIC_NO_PIC = NO;
				GCC_NO_COMMON_BLOCKS = YES;
				GCC_OPTIMIZATION_LEVEL = 0;
				GCC_PREPROCESSOR_DEFINITIONS = (
					"DEBUG=1",
					"$(inherited)",
				);
				GCC_WARN_64_TO_32_BIT_CONVERSION = YES;
				GCC_WARN_ABOUT_RETURN_TYPE = YES_ERROR;
				GCC_WARN_UNDECLARED_SELECTOR = YES;
				GCC_WARN_UNINITIALIZED_AUTOS = YES_AGGRESSIVE;
				GCC_WARN_UNUSED_FUNCTION = YES;
				GCC_WARN_UNUSED_VARIABLE = YES;
				LOCALIZATION_PREFERS_STRING_CATALOGS = YES;
				MTL_ENABLE_DEBUG_INFO = INCLUDE_SOURCE;
				MTL_FAST_MATH = YES;
				ONLY_ACTIVE_ARCH = YES;
				SWIFT_ACTIVE_COMPILATION_CONDITIONS = "DEBUG $(inherited)";
				SWIFT_OPTIMIZATION_LEVEL = "-Onone";
			};
			name = Debug;
		};
		0171BF0C307640B0004245DA /* Release configuration for PBXProject "Translate" */ = {
			isa = XCBuildConfiguration;
			buildSettings = {
				ALWAYS_SEARCH_USER_PATHS = NO;
				ASSETCATALOG_COMPILER_GENERATE_SWIFT_ASSET_SYMBOL_EXTENSIONS = YES;
				CLANG_ANALYZER_NONNULL = YES;
				CLANG_ANALYZER_NUMBER_OBJECT_CONVERSION = YES_AGGRESSIVE;
				CLANG_CXX_LANGUAGE_STANDARD = "gnu++20";
				CLANG_ENABLE_MODULES = YES;
				CLANG_ENABLE_OBJC_ARC = YES;
				CLANG_ENABLE_OBJC_WEAK = YES;
				CLANG_WARN_BLOCK_CAPTURE_AUTORELEASING = YES;
				CLANG_WARN_BOOL_CONVERSION = YES;
				CLANG_WARN_COMMA = YES;
				CLANG_WARN_CONSTANT_CONVERSION = YES;
				CLANG_WARN_DEPRECATED_OBJC_IMPLEMENTATIONS = YES;
				CLANG_WARN_DIRECT_OBJC_ISA_USAGE = YES_ERROR;
				CLANG_WARN_DOCUMENTATION_COMMENTS = YES;
				CLANG_WARN_EMPTY_BODY = YES;
				CLANG_WARN_ENUM_CONVERSION = YES;
				CLANG_WARN_INFINITE_RECURSION = YES;
				CLANG_WARN_INT_CONVERSION = YES;
				CLANG_WARN_NON_LITERAL_NULL_CONVERSION = YES;
				CLANG_WARN_OBJC_IMPLICIT_RETAIN_SELF = YES;
				CLANG_WARN_OBJC_LITERAL_CONVERSION = YES;
				CLANG_WARN_OBJC_ROOT_CLASS = YES_ERROR;
				CLANG_WARN_QUOTED_INCLUDE_IN_FRAMEWORK_HEADER = YES;
				CLANG_WARN_RANGE_LOOP_ANALYSIS = YES;
				CLANG_WARN_STRICT_PROTOTYPES = YES;
				CLANG_WARN_SUSPICIOUS_MOVE = YES;
				CLANG_WARN_UNGUARDED_AVAILABILITY = YES_AGGRESSIVE;
				CLANG_WARN_UNREACHABLE_CODE = YES;
				CLANG_WARN__DUPLICATE_METHOD_MATCH = YES;
				COPY_PHASE_STRIP = NO;
				DEBUG_INFORMATION_FORMAT = "dwarf-with-dsym";
				DEVELOPMENT_TEAM = C2RH9KA3U2;
				ENABLE_NS_ASSERTIONS = NO;
				ENABLE_STRICT_OBJC_MSGSEND = YES;
				ENABLE_USER_SCRIPT_SANDBOXING = YES;
				GCC_C_LANGUAGE_STANDARD = gnu17;
				GCC_NO_COMMON_BLOCKS = YES;
				GCC_WARN_64_TO_32_BIT_CONVERSION = YES;
				GCC_WARN_ABOUT_RETURN_TYPE = YES_ERROR;
				GCC_WARN_UNDECLARED_SELECTOR = YES;
				GCC_WARN_UNINITIALIZED_AUTOS = YES_AGGRESSIVE;
				GCC_WARN_UNUSED_FUNCTION = YES;
				GCC_WARN_UNUSED_VARIABLE = YES;
				LOCALIZATION_PREFERS_STRING_CATALOGS = YES;
				MTL_ENABLE_DEBUG_INFO = NO;
				MTL_FAST_MATH = YES;
				SWIFT_COMPILATION_MODE = wholemodule;
			};
			name = Release;
		};
		0171BF0E307640B0004245DA /* Debug configuration for PBXNativeTarget "Translate" */ = {
			isa = XCBuildConfiguration;
			buildSettings = {
				ASSETCATALOG_COMPILER_APPICON_NAME = AppIcon;
				ASSETCATALOG_COMPILER_GLOBAL_ACCENT_COLOR_NAME = AccentColor;
				CODE_SIGN_STYLE = Automatic;
				CURRENT_PROJECT_VERSION = 1;
				DEVELOPMENT_TEAM = C2RH9KA3U2;
				ENABLE_APP_SANDBOX = YES;
				ENABLE_HARDENED_RUNTIME = YES;
				ENABLE_OUTGOING_NETWORK_CONNECTIONS = YES;
				ENABLE_PREVIEWS = YES;
				ENABLE_USER_SELECTED_FILES = readonly;
				GENERATE_INFOPLIST_FILE = YES;
				INFOPLIST_KEY_LSApplicationCategoryType = "public.app-category.utilities";
				"INFOPLIST_KEY_UIApplicationSceneManifest_Generation[sdk=iphoneos*]" = YES;
				"INFOPLIST_KEY_UIApplicationSceneManifest_Generation[sdk=iphonesimulator*]" = YES;
				"INFOPLIST_KEY_UIApplicationSupportsIndirectInputEvents[sdk=iphoneos*]" = YES;
				"INFOPLIST_KEY_UIApplicationSupportsIndirectInputEvents[sdk=iphonesimulator*]" = YES;
				"INFOPLIST_KEY_UILaunchScreen_Generation[sdk=iphoneos*]" = YES;
				"INFOPLIST_KEY_UILaunchScreen_Generation[sdk=iphonesimulator*]" = YES;
				"INFOPLIST_KEY_UIStatusBarStyle[sdk=iphoneos*]" = UIStatusBarStyleDefault;
				"INFOPLIST_KEY_UIStatusBarStyle[sdk=iphonesimulator*]" = UIStatusBarStyleDefault;
				INFOPLIST_KEY_UISupportedInterfaceOrientations_iPad = "UIInterfaceOrientationPortrait UIInterfaceOrientationPortraitUpsideDown UIInterfaceOrientationLandscapeLeft UIInterfaceOrientationLandscapeRight";
				INFOPLIST_KEY_UISupportedInterfaceOrientations_iPhone = "UIInterfaceOrientationPortrait UIInterfaceOrientationLandscapeLeft UIInterfaceOrientationLandscapeRight";
				IPHONEOS_DEPLOYMENT_TARGET = 27.0;
				LD_RUNPATH_SEARCH_PATHS = "@executable_path/Frameworks";
				"LD_RUNPATH_SEARCH_PATHS[sdk=macosx*]" = "@executable_path/../Frameworks";
				MACOSX_DEPLOYMENT_TARGET = 27.0;
				MARKETING_VERSION = 1.0;
				PRODUCT_BUNDLE_IDENTIFIER = wang.xiaolin.Translate;
				PRODUCT_NAME = "$(TARGET_NAME)";
				REGISTER_APP_GROUPS = YES;
				SDKROOT = auto;
				STRING_CATALOG_GENERATE_SYMBOLS = YES;
				SUPPORTED_PLATFORMS = "iphoneos iphonesimulator macosx xros xrsimulator";
				SWIFT_APPROACHABLE_CONCURRENCY = YES;
				SWIFT_DEFAULT_ACTOR_ISOLATION = MainActor;
				SWIFT_EMIT_LOC_STRINGS = YES;
				SWIFT_UPCOMING_FEATURE_MEMBER_IMPORT_VISIBILITY = YES;
				SWIFT_VERSION = 5.0;
				TARGETED_DEVICE_FAMILY = "1,2,7";
				XROS_DEPLOYMENT_TARGET = 27.0;
			};
			name = Debug;
		};
		0171BF0F307640B0004245DA /* Release configuration for PBXNativeTarget "Translate" */ = {
			isa = XCBuildConfiguration;
			buildSettings = {
				ASSETCATALOG_COMPILER_APPICON_NAME = AppIcon;
				ASSETCATALOG_COMPILER_GLOBAL_ACCENT_COLOR_NAME = AccentColor;
				CODE_SIGN_STYLE = Automatic;
				CURRENT_PROJECT_VERSION = 1;
				DEVELOPMENT_TEAM = C2RH9KA3U2;
				ENABLE_APP_SANDBOX = YES;
				ENABLE_HARDENED_RUNTIME = YES;
				ENABLE_OUTGOING_NETWORK_CONNECTIONS = YES;
				ENABLE_PREVIEWS = YES;
				ENABLE_USER_SELECTED_FILES = readonly;
				GENERATE_INFOPLIST_FILE = YES;
				INFOPLIST_KEY_LSApplicationCategoryType = "public.app-category.utilities";
				"INFOPLIST_KEY_UIApplicationSceneManifest_Generation[sdk=iphoneos*]" = YES;
				"INFOPLIST_KEY_UIApplicationSceneManifest_Generation[sdk=iphonesimulator*]" = YES;
				"INFOPLIST_KEY_UIApplicationSupportsIndirectInputEvents[sdk=iphoneos*]" = YES;
				"INFOPLIST_KEY_UIApplicationSupportsIndirectInputEvents[sdk=iphonesimulator*]" = YES;
				"INFOPLIST_KEY_UILaunchScreen_Generation[sdk=iphoneos*]" = YES;
				"INFOPLIST_KEY_UILaunchScreen_Generation[sdk=iphonesimulator*]" = YES;
				"INFOPLIST_KEY_UIStatusBarStyle[sdk=iphoneos*]" = UIStatusBarStyleDefault;
				"INFOPLIST_KEY_UIStatusBarStyle[sdk=iphonesimulator*]" = UIStatusBarStyleDefault;
				INFOPLIST_KEY_UISupportedInterfaceOrientations_iPad = "UIInterfaceOrientationPortrait UIInterfaceOrientationPortraitUpsideDown UIInterfaceOrientationLandscapeLeft UIInterfaceOrientationLandscapeRight";
				INFOPLIST_KEY_UISupportedInterfaceOrientations_iPhone = "UIInterfaceOrientationPortrait UIInterfaceOrientationLandscapeLeft UIInterfaceOrientationLandscapeRight";
				IPHONEOS_DEPLOYMENT_TARGET = 27.0;
				LD_RUNPATH_SEARCH_PATHS = "@executable_path/Frameworks";
				"LD_RUNPATH_SEARCH_PATHS[sdk=macosx*]" = "@executable_path/../Frameworks";
				MACOSX_DEPLOYMENT_TARGET = 27.0;
				MARKETING_VERSION = 1.0;
				PRODUCT_BUNDLE_IDENTIFIER = wang.xiaolin.Translate;
				PRODUCT_NAME = "$(TARGET_NAME)";
				REGISTER_APP_GROUPS = YES;
				SDKROOT = auto;
				STRING_CATALOG_GENERATE_SYMBOLS = YES;
				SUPPORTED_PLATFORMS = "iphoneos iphonesimulator macosx xros xrsimulator";
				SWIFT_APPROACHABLE_CONCURRENCY = YES;
				SWIFT_DEFAULT_ACTOR_ISOLATION = MainActor;
				SWIFT_EMIT_LOC_STRINGS = YES;
				SWIFT_UPCOMING_FEATURE_MEMBER_IMPORT_VISIBILITY = YES;
				SWIFT_VERSION = 5.0;
				TARGETED_DEVICE_FAMILY = "1,2,7";
				XROS_DEPLOYMENT_TARGET = 27.0;
			};
			name = Release;
		};
		0171BF11307640B0004245DA /* Debug configuration for PBXNativeTarget "TranslateTests" */ = {
			isa = XCBuildConfiguration;
			buildSettings = {
				BUNDLE_LOADER = "$(TEST_HOST)";
				CODE_SIGN_STYLE = Automatic;
				CURRENT_PROJECT_VERSION = 1;
				DEVELOPMENT_TEAM = C2RH9KA3U2;
				GENERATE_INFOPLIST_FILE = YES;
				IPHONEOS_DEPLOYMENT_TARGET = 27.0;
				MACOSX_DEPLOYMENT_TARGET = 27.0;
				MARKETING_VERSION = 1.0;
				PRODUCT_BUNDLE_IDENTIFIER = wang.xiaolin.TranslateTests;
				PRODUCT_NAME = "$(TARGET_NAME)";
				SDKROOT = auto;
				STRING_CATALOG_GENERATE_SYMBOLS = NO;
				SUPPORTED_PLATFORMS = "iphoneos iphonesimulator macosx xros xrsimulator";
				SWIFT_APPROACHABLE_CONCURRENCY = YES;
				SWIFT_EMIT_LOC_STRINGS = NO;
				SWIFT_UPCOMING_FEATURE_MEMBER_IMPORT_VISIBILITY = YES;
				SWIFT_VERSION = 5.0;
				TARGETED_DEVICE_FAMILY = "1,2,7";
				TEST_HOST = "$(BUILT_PRODUCTS_DIR)/Translate.app/$(BUNDLE_EXECUTABLE_FOLDER_PATH)/Translate";
				XROS_DEPLOYMENT_TARGET = 27.0;
			};
			name = Debug;
		};
		0171BF12307640B0004245DA /* Release configuration for PBXNativeTarget "TranslateTests" */ = {
			isa = XCBuildConfiguration;
			buildSettings = {
				BUNDLE_LOADER = "$(TEST_HOST)";
				CODE_SIGN_STYLE = Automatic;
				CURRENT_PROJECT_VERSION = 1;
				DEVELOPMENT_TEAM = C2RH9KA3U2;
				GENERATE_INFOPLIST_FILE = YES;
				IPHONEOS_DEPLOYMENT_TARGET = 27.0;
				MACOSX_DEPLOYMENT_TARGET = 27.0;
				MARKETING_VERSION = 1.0;
				PRODUCT_BUNDLE_IDENTIFIER = wang.xiaolin.TranslateTests;
				PRODUCT_NAME = "$(TARGET_NAME)";
				SDKROOT = auto;
				STRING_CATALOG_GENERATE_SYMBOLS = NO;
				SUPPORTED_PLATFORMS = "iphoneos iphonesimulator macosx xros xrsimulator";
				SWIFT_APPROACHABLE_CONCURRENCY = YES;
				SWIFT_EMIT_LOC_STRINGS = NO;
				SWIFT_UPCOMING_FEATURE_MEMBER_IMPORT_VISIBILITY = YES;
				SWIFT_VERSION = 5.0;
				TARGETED_DEVICE_FAMILY = "1,2,7";
				TEST_HOST = "$(BUILT_PRODUCTS_DIR)/Translate.app/$(BUNDLE_EXECUTABLE_FOLDER_PATH)/Translate";
				XROS_DEPLOYMENT_TARGET = 27.0;
			};
			name = Release;
		};
		0171BF14307640B0004245DA /* Debug configuration for PBXNativeTarget "TranslateUITests" */ = {
			isa = XCBuildConfiguration;
			buildSettings = {
				CODE_SIGN_STYLE = Automatic;
				CURRENT_PROJECT_VERSION = 1;
				DEVELOPMENT_TEAM = C2RH9KA3U2;
				GENERATE_INFOPLIST_FILE = YES;
				IPHONEOS_DEPLOYMENT_TARGET = 27.0;
				MACOSX_DEPLOYMENT_TARGET = 27.0;
				MARKETING_VERSION = 1.0;
				PRODUCT_BUNDLE_IDENTIFIER = wang.xiaolin.TranslateUITests;
				PRODUCT_NAME = "$(TARGET_NAME)";
				SDKROOT = auto;
				STRING_CATALOG_GENERATE_SYMBOLS = NO;
				SUPPORTED_PLATFORMS = "iphoneos iphonesimulator macosx xros xrsimulator";
				SWIFT_APPROACHABLE_CONCURRENCY = YES;
				SWIFT_EMIT_LOC_STRINGS = NO;
				SWIFT_UPCOMING_FEATURE_MEMBER_IMPORT_VISIBILITY = YES;
				SWIFT_VERSION = 5.0;
				TARGETED_DEVICE_FAMILY = "1,2,7";
				TEST_TARGET_NAME = Translate;
				XROS_DEPLOYMENT_TARGET = 27.0;
			};
			name = Debug;
		};
		0171BF15307640B0004245DA /* Release configuration for PBXNativeTarget "TranslateUITests" */ = {
			isa = XCBuildConfiguration;
			buildSettings = {
				CODE_SIGN_STYLE = Automatic;
				CURRENT_PROJECT_VERSION = 1;
				DEVELOPMENT_TEAM = C2RH9KA3U2;
				GENERATE_INFOPLIST_FILE = YES;
				IPHONEOS_DEPLOYMENT_TARGET = 27.0;
				MACOSX_DEPLOYMENT_TARGET = 27.0;
				MARKETING_VERSION = 1.0;
				PRODUCT_BUNDLE_IDENTIFIER = wang.xiaolin.TranslateUITests;
				PRODUCT_NAME = "$(TARGET_NAME)";
				SDKROOT = auto;
				STRING_CATALOG_GENERATE_SYMBOLS = NO;
				SUPPORTED_PLATFORMS = "iphoneos iphonesimulator macosx xros xrsimulator";
				SWIFT_APPROACHABLE_CONCURRENCY = YES;
				SWIFT_EMIT_LOC_STRINGS = NO;
				SWIFT_UPCOMING_FEATURE_MEMBER_IMPORT_VISIBILITY = YES;
				SWIFT_VERSION = 5.0;
				TARGETED_DEVICE_FAMILY = "1,2,7";
				TEST_TARGET_NAME = Translate;
				XROS_DEPLOYMENT_TARGET = 27.0;
			};
			name = Release;
		};
/* End XCBuildConfiguration section */

/* Begin XCConfigurationList section */
		0171BEE9307640AE004245DA /* Build configuration list for PBXProject "Translate" */ = {
			isa = XCConfigurationList;
			buildConfigurations = (
				0171BF0B307640B0004245DA /* Debug configuration for PBXProject "Translate" */,
				0171BF0C307640B0004245DA /* Release configuration for PBXProject "Translate" */,
			);
			defaultConfigurationName = Release;
		};
		0171BF0D307640B0004245DA /* Build configuration list for PBXNativeTarget "Translate" */ = {
			isa = XCConfigurationList;
			buildConfigurations = (
				0171BF0E307640B0004245DA /* Debug configuration for PBXNativeTarget "Translate" */,
				0171BF0F307640B0004245DA /* Release configuration for PBXNativeTarget "Translate" */,
			);
			defaultConfigurationName = Release;
		};
		0171BF10307640B0004245DA /* Build configuration list for PBXNativeTarget "TranslateTests" */ = {
			isa = XCConfigurationList;
			buildConfigurations = (
				0171BF11307640B0004245DA /* Debug configuration for PBXNativeTarget "TranslateTests" */,
				0171BF12307640B0004245DA /* Release configuration for PBXNativeTarget "TranslateTests" */,
			);
			defaultConfigurationName = Release;
		};
		0171BF13307640B0004245DA /* Build configuration list for PBXNativeTarget "TranslateUITests" */ = {
			isa = XCConfigurationList;
			buildConfigurations = (
				0171BF14307640B0004245DA /* Debug configuration for PBXNativeTarget "TranslateUITests" */,
				0171BF15307640B0004245DA /* Release configuration for PBXNativeTarget "TranslateUITests" */,
			);
			defaultConfigurationName = Release;
		};
/* End XCConfigurationList section */

/* Begin XCLocalSwiftPackageReference section */
		7A00000000000000000000A1 /* XCLocalSwiftPackageReference "Packages/TranslationKit" */ = {
			isa = XCLocalSwiftPackageReference;
			relativePath = Packages/TranslationKit;
		};
/* End XCLocalSwiftPackageReference section */

/* Begin XCSwiftPackageProductDependency section */
		7A00000000000000000000B1 /* TranslationCore */ = {
			isa = XCSwiftPackageProductDependency;
			productName = TranslationCore;
		};
		7A00000000000000000000B2 /* TranslationProviders */ = {
			isa = XCSwiftPackageProductDependency;
			productName = TranslationProviders;
		};
		7A00000000000000000000B3 /* ImagePipeline */ = {
			isa = XCSwiftPackageProductDependency;
			productName = ImagePipeline;
		};
/* End XCSwiftPackageProductDependency section */
	};
	rootObject = 0171BEE6307640AE004245DA /* Project object */;
	validationLevel = 1;
}
